
Microsoft Visual Studio Solution File, Format Version 12.00
# Visual Studio Version 17
VisualStudioVersion = 17.0.31903.59
MinimumVisualStudioVersion = 10.0.40219.1
Project("{2150E333-8FDC-42A3-9474-1A3956D46DE8}") = "src", "src", "{827E0CD3-B72D-47B6-A68D-7590B98EB39B}"
EndProject
Project("{FAE04EC0-301F-11D3-BF4B-00C04F79EFBC}") = "Zentient.Endpoints.Analyzers", "src\Zentient.Endpoints.Analyzers\Zentient.Endpoints.Analyzers.csproj", "{7F63CE3C-8CB8-41A3-8DBC-C48A53A2AC81}"
EndProject
Project("{FAE04EC0-301F-11D3-BF4B-00C04F79EFBC}") = "Zentient.Endpoints.Grpc", "src\Zentient.Endpoints.Grpc\Zentient.Endpoints.Grpc.csproj", "{52D240D5-C115-4B41-8A7A-30D4F9F9CA6B}"
EndProject
Project("{FAE04EC0-301F-11D3-BF4B-00C04F79EFBC}") = "Zentient.Endpoints.Http", "src\Zentient.Endpoints.Http\Zentient.Endpoints.Http.csproj", "{7E0D2F37-D3C9-4585-B8DA-E57698671D42}"
EndProject
Project("{FAE04EC0-301F-11D3-BF4B-00C04F79EFBC}") = "Zentient.Endpoints.Messaging", "src\Zentient.Endpoints.Messaging\Zentient.Endpoints.Messaging.csproj", "{8F88D0FD-713A-465D-BCB4-43FBF47C8BB5}"
EndProject
Project("{FAE04EC0-301F-11D3-BF4B-00C04F79EFBC}") = "Zentient.Endpoints.Tests.Shared", "src\Zentient.Endpoints.Tests.Shared\Zentient.Endpoints.Tests.Shared.csproj", "{2EA7E4E8-A73F-4241-A28A-A86B42C954A4}"
EndProject
Project("{FAE04EC0-301F-11D3-BF4B-00C04F79EFBC}") = "Zentient.Endpoints", "src\Zentient.Endpoints\Zentient.Endpoints.csproj", "{0C510030-6FEA-4358-B9AE-6EE48CF648EF}"
EndProject
Project("{FAE04EC0-301F-11D3-BF4B-00C04F79EFBC}") = "Zentient.Endpoints.Analyzers.Tests", "tests\Zentient.Endpoints.Analyzers.Tests\Zentient.Endpoints.Analyzers.Tests.csproj", "{C7E473B2-4510-4296-85EB-C6EC4DC09DD8}"
EndProject
Project("{FAE04EC0-301F-11D3-BF4B-00C04F79EFBC}") = "Zentient.Endpoints.Grpc.Tests", "tests\Zentient.Endpoints.Grpc.Tests\Zentient.Endpoints.Grpc.Tests.csproj", "{5EDA69F2-DE1B-419D-B58F-BB3CC550D4C0}"
EndProject
Project("{FAE04EC0-301F-11D3-BF4B-00C04F79EFBC}") = "Zentient.Endpoints.Http.Tests", "tests\Zentient.Endpoints.Http.Tests\Zentient.Endpoints.Http.Tests.csproj", "{9544BC57-CC8A-4757-9C3B-026FF0BCFD10}"
EndProject
Project("{FAE04EC0-301F-11D3-BF4B-00C04F79EFBC}") = "Zentient.Endpoints.Messaging.Tests", "tests\Zentient.Endpoints.Messaging.Tests\Zentient.Endpoints.Messaging.Tests.csproj", "{31F8A47D-A567-4577-885B-F2759E72B957}"
EndProject
Project("{FAE04EC0-301F-11D3-BF4B-00C04F79EFBC}") = "Zentient.Endpoints.Tests", "tests\Zentient.Endpoints.Tests\Zentient.Endpoints.Tests.csproj", "{514E5D81-E9A2-4921-BC22-1E76E70F903F}"
EndProject
Global
	GlobalSection(SolutionConfigurationPlatforms) = preSolution
		Debug|Any CPU = Debug|Any CPU
		Debug|x64 = Debug|x64
		Debug|x86 = Debug|x86
		Release|Any CPU = Release|Any CPU
		Release|x64 = Release|x64
		Release|x86 = Release|x86
	EndGlobalSection
	GlobalSection(ProjectConfigurationPlatforms) = postSolution
		{7F63CE3C-8CB8-41A3-8DBC-C48A53A2AC81}.Debug|Any CPU.ActiveCfg = Debug|Any CPU
		{7F63CE3C-8CB8-41A3-8DBC-C48A53A2AC81}.Debug|Any CPU.Build.0 = Debug|Any CPU
		{7F63CE3C-8CB8-41A3-8DBC-C48A53A2AC81}.Debug|x64.ActiveCfg = Debug|Any CPU
		{7F63CE3C-8CB8-41A3-8DBC-C48A53A2AC81}.Debug|x64.Build.0 = Debug|Any CPU
		{7F63CE3C-8CB8-41A3-8DBC-C48A53A2AC81}.Debug|x86.ActiveCfg = Debug|Any CPU
		{7F63CE3C-8CB8-41A3-8DBC-C48A53A2AC81}.Debug|x86.Build.0 = Debug|Any CPU
		{7F63CE3C-8CB8-41A3-8DBC-C48A53A2AC81}.Release|Any CPU.ActiveCfg = Release|Any CPU
		{7F63CE3C-8CB8-41A3-8DBC-C48A53A2AC81}.Release|Any CPU.Build.0 = Release|Any CPU
		{7F63CE3C-8CB8-41A3-8DBC-C48A53A2AC81}.Release|x64.ActiveCfg = Release|Any CPU
		{7F63CE3C-8CB8-41A3-8DBC-C48A53A2AC81}.Release|x64.Build.0 = Release|Any CPU
		{7F63CE3C-8CB8-41A3-8DBC-C48A53A2AC81}.Release|x86.ActiveCfg = Release|Any CPU
		{7F63CE3C-8CB8-41A3-8DBC-C48A53A2AC81}.Release|x86.Build.0 = Release|Any CPU
		{52D240D5-C115-4B41-8A7A-30D4F9F9CA6B}.Debug|Any CPU.ActiveCfg = Debug|Any CPU
		{52D240D5-C115-4B41-8A7A-30D4F9F9CA6B}.Debug|Any CPU.Build.0 = Debug|Any CPU
		{52D240D5-C115-4B41-8A7A-30D4F9F9CA6B}.Debug|x64.ActiveCfg = Debug|Any CPU
		{52D240D5-C115-4B41-8A7A-30D4F9F9CA6B}.Debug|x64.Build.0 = Debug|Any CPU
		{52D240D5-C115-4B41-8A7A-30D4F9F9CA6B}.Debug|x86.ActiveCfg = Debug|Any CPU
		{52D240D5-C115-4B41-8A7A-30D4F9F9CA6B}.Debug|x86.Build.0 = Debug|Any CPU
		{52D240D5-C115-4B41-8A7A-30D4F9F9CA6B}.Release|Any CPU.ActiveCfg = Release|Any CPU
		{52D240D5-C115-4B41-8A7A-30D4F9F9CA6B}.Release|Any CPU.Build.0 = Release|Any CPU
		{52D240D5-C115-4B41-8A7A-30D4F9F9CA6B}.Release|x64.ActiveCfg = Release|Any CPU
		{52D240D5-C115-4B41-8A7A-30D4F9F9CA6B}.Release|x64.Build.0 = Release|Any CPU
		{52D240D5-C115-4B41-8A7A-30D4F9F9CA6B}.Release|x86.ActiveCfg = Release|Any CPU
		{52D240D5-C115-4B41-8A7A-30D4F9F9CA6B}.Release|x86.Build.0 = Release|Any CPU
		{7E0D2F37-D3C9-4585-B8DA-E57698671D42}.Debug|Any CPU.ActiveCfg = Debug|Any CPU
		{7E0D2F37-D3C9-4585-B8DA-E57698671D42}.Debug|Any CPU.Build.0 = Debug|Any CPU
		{7E0D2F37-D3C9-4585-B8DA-E57698671D42}.Debug|x64.ActiveCfg = Debug|Any CPU
		{7E0D2F37-D3C9-4585-B8DA-E57698671D42}.Debug|x64.Build.0 = Debug|Any CPU
		{7E0D2F37-D3C9-4585-B8DA-E57698671D42}.Debug|x86.ActiveCfg = Debug|Any CPU
		{7E0D2F37-D3C9-4585-B8DA-E57698671D42}.Debug|x86.Build.0 = Debug|Any CPU
		{7E0D2F37-D3C9-4585-B8DA-E57698671D42}.Release|Any CPU.ActiveCfg = Release|Any CPU
		{7E0D2F37-D3C9-4585-B8DA-E57698671D42}.Release|Any CPU.Build.0 = Release|Any CPU
		{7E0D2F37-D3C9-4585-B8DA-E57698671D42}.Release|x64.ActiveCfg = Release|Any CPU
		{7E0D2F37-D3C9-4585-B8DA-E57698671D42}.Release|x64.Build.0 = Release|Any CPU
		{7E0D2F37-D3C9-4585-B8DA-E57698671D42}.Release|x86.ActiveCfg = Release|Any CPU
		{7E0D2F37-D3C9-4585-B8DA-E57698671D42}.Release|x86.Build.0 = Release|Any CPU
		{8F88D0FD-713A-465D-BCB4-43FBF47C8BB5}.Debug|Any CPU.ActiveCfg = Debug|Any CPU
		{8F88D0FD-713A-465D-BCB4-43FBF47C8BB5}.Debug|Any CPU.Build.0 = Debug|Any CPU
		{8F88D0FD-713A-465D-BCB4-43FBF47C8BB5}.Debug|x64.ActiveCfg = Debug|Any CPU
		{8F88D0FD-713A-465D-BCB4-43FBF47C8BB5}.Debug|x64.Build.0 = Debug|Any CPU
		{8F88D0FD-713A-465D-BCB4-43FBF47C8BB5}.Debug|x86.ActiveCfg = Debug|Any CPU
		{8F88D0FD-713A-465D-BCB4-43FBF47C8BB5}.Debug|x86.Build.0 = Debug|Any CPU
		{8F88D0FD-713A-465D-BCB4-43FBF47C8BB5}.Release|Any CPU.ActiveCfg = Release|Any CPU
		{8F88D0FD-713A-465D-BCB4-43FBF47C8BB5}.Release|Any CPU.Build.0 = Release|Any CPU
		{8F88D0FD-713A-465D-BCB4-43FBF47C8BB5}.Release|x64.ActiveCfg = Release|Any CPU
		{8F88D0FD-713A-465D-BCB4-43FBF47C8BB5}.Release|x64.Build.0 = Release|Any CPU
		{8F88D0FD-713A-465D-BCB4-43FBF47C8BB5}.Release|x86.ActiveCfg = Release|Any CPU
		{8F88D0FD-713A-465D-BCB4-43FBF47C8BB5}.Release|x86.Build.0 = Release|Any CPU
		{2EA7E4E8-A73F-4241-A28A-A86B42C954A4}.Debug|Any CPU.ActiveCfg = Debug|Any CPU
		{2EA7E4E8-A73F-4241-A28A-A86B42C954A4}.Debug|Any CPU.Build.0 = Debug|Any CPU
		{2EA7E4E8-A73F-4241-A28A-A86B42C954A4}.Debug|x64.ActiveCfg = Debug|Any CPU
		{2EA7E4E8-A73F-4241-A28A-A86B42C954A4}.Debug|x64.Build.0 = Debug|Any CPU
		{2EA7E4E8-A73F-4241-A28A-A86B42C954A4}.Debug|x86.ActiveCfg = Debug|Any CPU
		{2EA7E4E8-A73F-4241-A28A-A86B42C954A4}.Debug|x86.Build.0 = Debug|Any CPU
		{2EA7E4E8-A73F-4241-A28A-A86B42C954A4}.Release|Any CPU.ActiveCfg = Release|Any CPU
		{2EA7E4E8-A73F-4241-A28A-A86B42C954A4}.Release|Any CPU.Build.0 = Release|Any CPU
		{2EA7E4E8-A73F-4241-A28A-A86B42C954A4}.Release|x64.ActiveCfg = Release|Any CPU
		{2EA7E4E8-A73F-4241-A28A-A86B42C954A4}.Release|x64.Build.0 = Release|Any CPU
		{2EA7E4E8-A73F-4241-A28A-A86B42C954A4}.Release|x86.ActiveCfg = Release|Any CPU
		{2EA7E4E8-A73F-4241-A28A-A86B42C954A4}.Release|x86.Build.0 = Release|Any CPU
		{0C510030-6FEA-4358-B9AE-6EE48CF648EF}.Debug|Any CPU.ActiveCfg = Debug|Any CPU
		{0C510030-6FEA-4358-B9AE-6EE48CF648EF}.Debug|Any CPU.Build.0 = Debug|Any CPU
		{0C510030-6FEA-4358-B9AE-6EE48CF648EF}.Debug|x64.ActiveCfg = Debug|Any CPU
		{0C510030-6FEA-4358-B9AE-6EE48CF648EF}.Debug|x64.Build.0 = Debug|Any CPU
		{0C510030-6FEA-4358-B9AE-6EE48CF648EF}.Debug|x86.ActiveCfg = Debug|Any CPU
		{0C510030-6FEA-4358-B9AE-6EE48CF648EF}.Debug|x86.Build.0 = Debug|Any CPU
		{0C510030-6FEA-4358-B9AE-6EE48CF648EF}.Release|Any CPU.ActiveCfg = Release|Any CPU
		{0C510030-6FEA-4358-B9AE-6EE48CF648EF}.Release|Any CPU.Build.0 = Release|Any CPU
		{0C510030-6FEA-4358-B9AE-6EE48CF648EF}.Release|x64.ActiveCfg = Release|Any CPU
		{0C510030-6FEA-4358-B9AE-6EE48CF648EF}.Release|x64.Build.0 = Release|Any CPU
		{0C510030-6FEA-4358-B9AE-6EE48CF648EF}.Release|x86.ActiveCfg = Release|Any CPU
		{0C510030-6FEA-4358-B9AE-6EE48CF648EF}.Release|x86.Build.0 = Release|Any CPU
		{C7E473B2-4510-4296-85EB-C6EC4DC09DD8}.Debug|Any CPU.ActiveCfg = Debug|Any CPU
		{C7E473B2-4510-4296-85EB-C6EC4DC09DD8}.Debug|Any CPU.Build.0 = Debug|Any CPU
		{C7E473B2-4510-4296-85EB-C6EC4DC09DD8}.Debug|x64.ActiveCfg = Debug|Any CPU
		{C7E473B2-4510-4296-85EB-C6EC4DC09DD8}.Debug|x64.Build.0 = Debug|Any CPU
		{C7E473B2-4510-4296-85EB-C6EC4DC09DD8}.Debug|x86.ActiveCfg = Debug|Any CPU
		{C7E473B2-4510-4296-85EB-C6EC4DC09DD8}.Debug|x86.Build.0 = Debug|Any CPU
		{C7E473B2-4510-4296-85EB-C6EC4DC09DD8}.Release|Any CPU.ActiveCfg = Release|Any CPU
		{C7E473B2-4510-4296-85EB-C6EC4DC09DD8}.Release|Any CPU.Build.0 = Release|Any CPU
		{C7E473B2-4510-4296-85EB-C6EC4DC09DD8}.Release|x64.ActiveCfg = Release|Any CPU
		{C7E473B2-4510-4296-85EB-C6EC4DC09DD8}.Release|x64.Build.0 = Release|Any CPU
		{C7E473B2-4510-4296-85EB-C6EC4DC09DD8}.Release|x86.ActiveCfg = Release|Any CPU
		{C7E473B2-4510-4296-85EB-C6EC4DC09DD8}.Release|x86.Build.0 = Release|Any CPU
		{5EDA69F2-DE1B-419D-B58F-BB3CC550D4C0}.Debug|Any CPU.ActiveCfg = Debug|Any CPU
		{5EDA69F2-DE1B-419D-B58F-BB3CC550D4C0}.Debug|Any CPU.Build.0 = Debug|Any CPU
		{5EDA69F2-DE1B-419D-B58F-BB3CC550D4C0}.Debug|x64.ActiveCfg = Debug|Any CPU
		{5EDA69F2-DE1B-419D-B58F-BB3CC550D4C0}.Debug|x64.Build.0 = Debug|Any CPU
		{5EDA69F2-DE1B-419D-B58F-BB3CC550D4C0}.Debug|x86.ActiveCfg = Debug|Any CPU
		{5EDA69F2-DE1B-419D-B58F-BB3CC550D4C0}.Debug|x86.Build.0 = Debug|Any CPU
		{5EDA69F2-DE1B-419D-B58F-BB3CC550D4C0}.Release|Any CPU.ActiveCfg = Release|Any CPU
		{5EDA69F2-DE1B-419D-B58F-BB3CC550D4C0}.Release|Any CPU.Build.0 = Release|Any CPU
		{5EDA69F2-DE1B-419D-B58F-BB3CC550D4C0}.Release|x64.ActiveCfg = Release|Any CPU
		{5EDA69F2-DE1B-419D-B58F-BB3CC550D4C0}.Release|x64.Build.0 = Release|Any CPU
		{5EDA69F2-DE1B-419D-B58F-BB3CC550D4C0}.Release|x86.ActiveCfg = Release|Any CPU
		{5EDA69F2-DE1B-419D-B58F-BB3CC550D4C0}.Release|x86.Build.0 = Release|Any CPU
		{9544BC57-CC8A-4757-9C3B-026FF0BCFD10}.Debug|Any CPU.ActiveCfg = Debug|Any CPU
		{9544BC57-CC8A-4757-9C3B-026FF0BCFD10}.Debug|Any CPU.Build.0 = Debug|Any CPU
		{9544BC57-CC8A-4757-9C3B-026FF0BCFD10}.Debug|x64.ActiveCfg = Debug|Any CPU
		{9544BC57-CC8A-4757-9C3B-026FF0BCFD10}.Debug|x64.Build.0 = Debug|Any CPU
		{9544BC57-CC8A-4757-9C3B-026FF0BCFD10}.Debug|x86.ActiveCfg = Debug|Any CPU
		{9544BC57-CC8A-4757-9C3B-026FF0BCFD10}.Debug|x86.Build.0 = Debug|Any CPU
		{9544BC57-CC8A-4757-9C3B-026FF0BCFD10}.Release|Any CPU.ActiveCfg = Release|Any CPU
		{9544BC57-CC8A-4757-9C3B-026FF0BCFD10}.Release|Any CPU.Build.0 = Release|Any CPU
		{9544BC57-CC8A-4757-9C3B-026FF0BCFD10}.Release|x64.ActiveCfg = Release|Any CPU
		{9544BC57-CC8A-4757-9C3B-026FF0BCFD10}.Release|x64.Build.0 = Release|Any CPU
		{9544BC57-CC8A-4757-9C3B-026FF0BCFD10}.Release|x86.ActiveCfg = Release|Any CPU
		{9544BC57-CC8A-4757-9C3B-026FF0BCFD10}.Release|x86.Build.0 = Release|Any CPU
		{31F8A47D-A567-4577-885B-F2759E72B957}.Debug|Any CPU.ActiveCfg = Debug|Any CPU
		{31F8A47D-A567-4577-885B-F2759E72B957}.Debug|Any CPU.Build.0 = Debug|Any CPU
		{31F8A47D-A567-4577-885B-F2759E72B957}.Debug|x64.ActiveCfg = Debug|Any CPU
		{31F8A47D-A567-4577-885B-F2759E72B957}.Debug|x64.Build.0 = Debug|Any CPU
		{31F8A47D-A567-4577-885B-F2759E72B957}.Debug|x86.ActiveCfg = Debug|Any CPU
		{31F8A47D-A567-4577-885B-F2759E72B957}.Debug|x86.Build.0 = Debug|Any CPU
		{31F8A47D-A567-4577-885B-F2759E72B957}.Release|Any CPU.ActiveCfg = Release|Any CPU
		{31F8A47D-A567-4577-885B-F2759E72B957}.Release|Any CPU.Build.0 = Release|Any CPU
		{31F8A47D-A567-4577-885B-F2759E72B957}.Release|x64.ActiveCfg = Release|Any CPU
		{31F8A47D-A567-4577-885B-F2759E72B957}.Release|x64.Build.0 = Release|Any CPU
		{31F8A47D-A567-4577-885B-F2759E72B957}.Release|x86.ActiveCfg = Release|Any CPU
		{31F8A47D-A567-4577-885B-F2759E72B957}.Release|x86.Build.0 = Release|Any CPU
		{514E5D81-E9A2-4921-BC22-1E76E70F903F}.Debug|Any CPU.ActiveCfg = Debug|Any CPU
		{514E5D81-E9A2-4921-BC22-1E76E70F903F}.Debug|Any CPU.Build.0 = Debug|Any CPU
		{514E5D81-E9A2-4921-BC22-1E76E70F903F}.Debug|x64.ActiveCfg = Debug|Any CPU
		{514E5D81-E9A2-4921-BC22-1E76E70F903F}.Debug|x64.Build.0 = Debug|Any CPU
		{514E5D81-E9A2-4921-BC22-1E76E70F903F}.Debug|x86.ActiveCfg = Debug|Any CPU
		{514E5D81-E9A2-4921-BC22-1E76E70F903F}.Debug|x86.Build.0 = Debug|Any CPU
		{514E5D81-E9A2-4921-BC22-1E76E70F903F}.Release|Any CPU.ActiveCfg = Release|Any CPU
		{514E5D81-E9A2-4921-BC22-1E76E70F903F}.Release|Any CPU.Build.0 = Release|Any CPU
		{514E5D81-E9A2-4921-BC22-1E76E70F903F}.Release|x64.ActiveCfg = Release|Any CPU
		{514E5D81-E9A2-4921-BC22-1E76E70F903F}.Release|x64.Build.0 = Release|Any CPU
		{514E5D81-E9A2-4921-BC22-1E76E70F903F}.Release|x86.ActiveCfg = Release|Any CPU
		{514E5D81-E9A2-4921-BC22-1E76E70F903F}.Release|x86.Build.0 = Release|Any CPU
	EndGlobalSection
	GlobalSection(SolutionProperties) = preSolution
		HideSolutionNode = FALSE
	EndGlobalSection
	GlobalSection(NestedProjects) = preSolution
		{7F63CE3C-8CB8-41A3-8DBC-C48A53A2AC81} = {827E0CD3-B72D-47B6-A68D-7590B98EB39B}
		{52D240D5-C115-4B41-8A7A-30D4F9F9CA6B} = {827E0CD3-B72D-47B6-A68D-7590B98EB39B}
		{7E0D2F37-D3C9-4585-B8DA-E57698671D42} = {827E0CD3-B72D-47B6-A68D-7590B98EB39B}
		{8F88D0FD-713A-465D-BCB4-43FBF47C8BB5} = {827E0CD3-B72D-47B6-A68D-7590B98EB39B}
		{2EA7E4E8-A73F-4241-A28A-A86B42C954A4} = {827E0CD3-B72D-47B6-A68D-7590B98EB39B}
		{0C510030-6FEA-4358-B9AE-6EE48CF648EF} = {827E0CD3-B72D-47B6-A68D-7590B98EB39B}
		{C7E473B2-4510-4296-85EB-C6EC4DC09DD8} = {827E0CD3-B72D-47B6-A68D-7590B98EB39B}
		{5EDA69F2-DE1B-419D-B58F-BB3CC550D4C0} = {827E0CD3-B72D-47B6-A68D-7590B98EB39B}
		{9544BC57-CC8A-4757-9C3B-026FF0BCFD10} = {827E0CD3-B72D-47B6-A68D-7590B98EB39B}
		{31F8A47D-A567-4577-885B-F2759E72B957} = {827E0CD3-B72D-47B6-A68D-7590B98EB39B}
		{514E5D81-E9A2-4921-BC22-1E76E70F903F} = {827E0CD3-B72D-47B6-A68D-7590B98EB39B}
	EndGlobalSection
EndGlobal
