
Microsoft Visual Studio Solution File, Format Version 12.00
# Visual Studio Version 17
VisualStudioVersion = 17.0.31903.59
MinimumVisualStudioVersion = 10.0.40219.1
Project("{2150E333-8FDC-42A3-9474-1A3956D46DE8}") = "src", "src", "{827E0CD3-B72D-47B6-A68D-7590B98EB39B}"
EndProject
Project("{FAE04EC0-301F-11D3-BF4B-00C04F79EFBC}") = "Zentient.Endpoints.Grpc", "src\Zentient.Endpoints.Grpc\Zentient.Endpoints.Grpc.csproj", "{52D240D5-C115-4B41-8A7A-30D4F9F9CA6B}"
EndProject
Project("{FAE04EC0-301F-11D3-BF4B-00C04F79EFBC}") = "Zentient.Endpoints.Http", "src\Zentient.Endpoints.Http\Zentient.Endpoints.Http.csproj", "{7E0D2F37-D3C9-4585-B8DA-E57698671D42}"
EndProject
Project("{FAE04EC0-301F-11D3-BF4B-00C04F79EFBC}") = "Zentient.Endpoints.Messaging", "src\Zentient.Endpoints.Messaging\Zentient.Endpoints.Messaging.csproj", "{8F88D0FD-713A-465D-BCB4-43FBF47C8BB5}"
EndProject
Project("{FAE04EC0-301F-11D3-BF4B-00C04F79EFBC}") = "Zentient.Endpoints.Tests.Shared", "src\Zentient.Endpoints.Tests.Shared\Zentient.Endpoints.Tests.Shared.csproj", "{2EA7E4E8-A73F-4241-A28A-A86B42C954A4}"
EndProject
Project("{FAE04EC0-301F-11D3-BF4B-00C04F79EFBC}") = "Zentient.Endpoints", "src\Zentient.Endpoints\Zentient.Endpoints.csproj", "{0C510030-6FEA-4358-B9AE-6EE48CF648EF}"
EndProject
Project("{FAE04EC0-301F-11D3-BF4B-00C04F79EFBC}") = "Zentient.Endpoints.Grpc.Tests", "tests\Zentient.Endpoints.Grpc.Tests\Zentient.Endpoints.Grpc.Tests.csproj", "{5EDA69F2-DE1B-419D-B58F-BB3CC550D4C0}"
EndProject
Project("{FAE04EC0-301F-11D3-BF4B-00C04F79EFBC}") = "Zentient.Endpoints.Http.Tests", "tests\Zentient.Endpoints.Http.Tests\Zentient.Endpoints.Http.Tests.csproj", "{9544BC57-CC8A-4757-9C3B-026FF0BCFD10}"
EndProject
Project("{FAE04EC0-301F-11D3-BF4B-00C04F79EFBC}") = "Zentient.Endpoints.Messaging.Tests", "tests\Zentient.Endpoints.Messaging.Tests\Zentient.Endpoints.Messaging.Tests.csproj", "{31F8A47D-A567-4577-885B-F2759E72B957}"
EndProject
Project("{FAE04EC0-301F-11D3-BF4B-00C04F79EFBC}") = "Zentient.Endpoints.Tests", "tests\Zentient.Endpoints.Tests\Zentient.Endpoints.Tests.csproj", "{514E5D81-E9A2-4921-BC22-1E76E70F903F}"
EndProject
Project("{2150E333-8FDC-42A3-9474-1A3956D46DE8}") = "Zentient.Results", "Zentient.Results", "{E3A107CA-39D1-299E-587D-E3134142758B}"
EndProject
Project("{2150E333-8FDC-42A3-9474-1A3956D46DE8}") = "src", "src", "{C8C49AF7-99D0-0C15-52C3-480A2113D16A}"
EndProject
Project("{2150E333-8FDC-42A3-9474-1A3956D46DE8}") = "Results", "Results", "{44E87529-8407-DB44-4677-9EDF1CCF1AA8}"
EndProject
Project("{FAE04EC0-301F-11D3-BF4B-00C04F79EFBC}") = "Zentient.Results", "src\Zentient.Results\src\Results\Zentient.Results.csproj", "{8ADC97C4-05F2-4455-87B8-75893BE80591}"
EndProject
Project("{2150E333-8FDC-42A3-9474-1A3956D46DE8}") = "Utilities", "Utilities", "{22F26B29-1394-1E32-944F-EEFF1FC8DA0C}"
EndProject
Project("{FAE04EC0-301F-11D3-BF4B-00C04F79EFBC}") = "Zentient.Utilities", "src\Zentient.Results\src\Utilities\Zentient.Utilities.csproj", "{A08E4EA1-3C42-4AA3-9014-56EFD3736C04}"
EndProject
Project("{FAE04EC0-301F-11D3-BF4B-00C04F79EFBC}") = "Zentient.Analyzers", "src\Zentient.Analyzers\Zentient.Analyzers.csproj", "{157ED0A0-02B4-4290-9D8E-E3388566153F}"
EndProject
Project("{2150E333-8FDC-42A3-9474-1A3956D46DE8}") = "tests", "tests", "{0AB3BF05-4346-4AA6-1389-037BE0695223}"
EndProject
Project("{FAE04EC0-301F-11D3-BF4B-00C04F79EFBC}") = "Zentient.Analyzers.Tests", "tests\Zentient.Analyzers.Tests\Zentient.Analyzers.Tests.csproj", "{238A52C1-1B8A-43F9-9A97-83D88FC58EFB}"
EndProject
Global
	GlobalSection(SolutionConfigurationPlatforms) = preSolution
		Debug|Any CPU = Debug|Any CPU
		Debug|x64 = Debug|x64
		Debug|x86 = Debug|x86
		Release|Any CPU = Release|Any CPU
		Release|x64 = Release|x64
		Release|x86 = Release|x86
	EndGlobalSection
	GlobalSection(ProjectConfigurationPlatforms) = postSolution
		{52D240D5-C115-4B41-8A7A-30D4F9F9CA6B}.Debug|Any CPU.ActiveCfg = Debug|Any CPU
		{52D240D5-C115-4B41-8A7A-30D4F9F9CA6B}.Debug|Any CPU.Build.0 = Debug|Any CPU
		{52D240D5-C115-4B41-8A7A-30D4F9F9CA6B}.Debug|x64.ActiveCfg = Debug|Any CPU
		{52D240D5-C115-4B41-8A7A-30D4F9F9CA6B}.Debug|x64.Build.0 = Debug|Any CPU
		{52D240D5-C115-4B41-8A7A-30D4F9F9CA6B}.Debug|x86.ActiveCfg = Debug|Any CPU
		{52D240D5-C115-4B41-8A7A-30D4F9F9CA6B}.Debug|x86.Build.0 = Debug|Any CPU
		{52D240D5-C115-4B41-8A7A-30D4F9F9CA6B}.Release|Any CPU.ActiveCfg = Release|Any CPU
		{52D240D5-C115-4B41-8A7A-30D4F9F9CA6B}.Release|Any CPU.Build.0 = Release|Any CPU
		{52D240D5-C115-4B41-8A7A-30D4F9F9CA6B}.Release|x64.ActiveCfg = Release|Any CPU
		{52D240D5-C115-4B41-8A7A-30D4F9F9CA6B}.Release|x64.Build.0 = Release|Any CPU
		{52D240D5-C115-4B41-8A7A-30D4F9F9CA6B}.Release|x86.ActiveCfg = Release|Any CPU
		{52D240D5-C115-4B41-8A7A-30D4F9F9CA6B}.Release|x86.Build.0 = Release|Any CPU
		{7E0D2F37-D3C9-4585-B8DA-E57698671D42}.Debug|Any CPU.ActiveCfg = Debug|Any CPU
		{7E0D2F37-D3C9-4585-B8DA-E57698671D42}.Debug|Any CPU.Build.0 = Debug|Any CPU
		{7E0D2F37-D3C9-4585-B8DA-E57698671D42}.Debug|x64.ActiveCfg = Debug|Any CPU
		{7E0D2F37-D3C9-4585-B8DA-E57698671D42}.Debug|x64.Build.0 = Debug|Any CPU
		{7E0D2F37-D3C9-4585-B8DA-E57698671D42}.Debug|x86.ActiveCfg = Debug|Any CPU
		{7E0D2F37-D3C9-4585-B8DA-E57698671D42}.Debug|x86.Build.0 = Debug|Any CPU
		{7E0D2F37-D3C9-4585-B8DA-E57698671D42}.Release|Any CPU.ActiveCfg = Release|Any CPU
		{7E0D2F37-D3C9-4585-B8DA-E57698671D42}.Release|Any CPU.Build.0 = Release|Any CPU
		{7E0D2F37-D3C9-4585-B8DA-E57698671D42}.Release|x64.ActiveCfg = Release|Any CPU
		{7E0D2F37-D3C9-4585-B8DA-E57698671D42}.Release|x64.Build.0 = Release|Any CPU
		{7E0D2F37-D3C9-4585-B8DA-E57698671D42}.Release|x86.ActiveCfg = Release|Any CPU
		{7E0D2F37-D3C9-4585-B8DA-E57698671D42}.Release|x86.Build.0 = Release|Any CPU
		{8F88D0FD-713A-465D-BCB4-43FBF47C8BB5}.Debug|Any CPU.ActiveCfg = Debug|Any CPU
		{8F88D0FD-713A-465D-BCB4-43FBF47C8BB5}.Debug|Any CPU.Build.0 = Debug|Any CPU
		{8F88D0FD-713A-465D-BCB4-43FBF47C8BB5}.Debug|x64.ActiveCfg = Debug|Any CPU
		{8F88D0FD-713A-465D-BCB4-43FBF47C8BB5}.Debug|x64.Build.0 = Debug|Any CPU
		{8F88D0FD-713A-465D-BCB4-43FBF47C8BB5}.Debug|x86.ActiveCfg = Debug|Any CPU
		{8F88D0FD-713A-465D-BCB4-43FBF47C8BB5}.Debug|x86.Build.0 = Debug|Any CPU
		{8F88D0FD-713A-465D-BCB4-43FBF47C8BB5}.Release|Any CPU.ActiveCfg = Release|Any CPU
		{8F88D0FD-713A-465D-BCB4-43FBF47C8BB5}.Release|Any CPU.Build.0 = Release|Any CPU
		{8F88D0FD-713A-465D-BCB4-43FBF47C8BB5}.Release|x64.ActiveCfg = Release|Any CPU
		{8F88D0FD-713A-465D-BCB4-43FBF47C8BB5}.Release|x64.Build.0 = Release|Any CPU
		{8F88D0FD-713A-465D-BCB4-43FBF47C8BB5}.Release|x86.ActiveCfg = Release|Any CPU
		{8F88D0FD-713A-465D-BCB4-43FBF47C8BB5}.Release|x86.Build.0 = Release|Any CPU
		{2EA7E4E8-A73F-4241-A28A-A86B42C954A4}.Debug|Any CPU.ActiveCfg = Debug|Any CPU
		{2EA7E4E8-A73F-4241-A28A-A86B42C954A4}.Debug|Any CPU.Build.0 = Debug|Any CPU
		{2EA7E4E8-A73F-4241-A28A-A86B42C954A4}.Debug|x64.ActiveCfg = Debug|Any CPU
		{2EA7E4E8-A73F-4241-A28A-A86B42C954A4}.Debug|x64.Build.0 = Debug|Any CPU
		{2EA7E4E8-A73F-4241-A28A-A86B42C954A4}.Debug|x86.ActiveCfg = Debug|Any CPU
		{2EA7E4E8-A73F-4241-A28A-A86B42C954A4}.Debug|x86.Build.0 = Debug|Any CPU
		{2EA7E4E8-A73F-4241-A28A-A86B42C954A4}.Release|Any CPU.ActiveCfg = Release|Any CPU
		{2EA7E4E8-A73F-4241-A28A-A86B42C954A4}.Release|Any CPU.Build.0 = Release|Any CPU
		{2EA7E4E8-A73F-4241-A28A-A86B42C954A4}.Release|x64.ActiveCfg = Release|Any CPU
		{2EA7E4E8-A73F-4241-A28A-A86B42C954A4}.Release|x64.Build.0 = Release|Any CPU
		{2EA7E4E8-A73F-4241-A28A-A86B42C954A4}.Release|x86.ActiveCfg = Release|Any CPU
		{2EA7E4E8-A73F-4241-A28A-A86B42C954A4}.Release|x86.Build.0 = Release|Any CPU
		{0C510030-6FEA-4358-B9AE-6EE48CF648EF}.Debug|Any CPU.ActiveCfg = Debug|Any CPU
		{0C510030-6FEA-4358-B9AE-6EE48CF648EF}.Debug|Any CPU.Build.0 = Debug|Any CPU
		{0C510030-6FEA-4358-B9AE-6EE48CF648EF}.Debug|x64.ActiveCfg = Debug|Any CPU
		{0C510030-6FEA-4358-B9AE-6EE48CF648EF}.Debug|x64.Build.0 = Debug|Any CPU
		{0C510030-6FEA-4358-B9AE-6EE48CF648EF}.Debug|x86.ActiveCfg = Debug|Any CPU
		{0C510030-6FEA-4358-B9AE-6EE48CF648EF}.Debug|x86.Build.0 = Debug|Any CPU
		{0C510030-6FEA-4358-B9AE-6EE48CF648EF}.Release|Any CPU.ActiveCfg = Release|Any CPU
		{0C510030-6FEA-4358-B9AE-6EE48CF648EF}.Release|Any CPU.Build.0 = Release|Any CPU
		{0C510030-6FEA-4358-B9AE-6EE48CF648EF}.Release|x64.ActiveCfg = Release|Any CPU
		{0C510030-6FEA-4358-B9AE-6EE48CF648EF}.Release|x64.Build.0 = Release|Any CPU
		{0C510030-6FEA-4358-B9AE-6EE48CF648EF}.Release|x86.ActiveCfg = Release|Any CPU
		{0C510030-6FEA-4358-B9AE-6EE48CF648EF}.Release|x86.Build.0 = Release|Any CPU
		{5EDA69F2-DE1B-419D-B58F-BB3CC550D4C0}.Debug|Any CPU.ActiveCfg = Debug|Any CPU
		{5EDA69F2-DE1B-419D-B58F-BB3CC550D4C0}.Debug|Any CPU.Build.0 = Debug|Any CPU
		{5EDA69F2-DE1B-419D-B58F-BB3CC550D4C0}.Debug|x64.ActiveCfg = Debug|Any CPU
		{5EDA69F2-DE1B-419D-B58F-BB3CC550D4C0}.Debug|x64.Build.0 = Debug|Any CPU
		{5EDA69F2-DE1B-419D-B58F-BB3CC550D4C0}.Debug|x86.ActiveCfg = Debug|Any CPU
		{5EDA69F2-DE1B-419D-B58F-BB3CC550D4C0}.Debug|x86.Build.0 = Debug|Any CPU
		{5EDA69F2-DE1B-419D-B58F-BB3CC550D4C0}.Release|Any CPU.ActiveCfg = Release|Any CPU
		{5EDA69F2-DE1B-419D-B58F-BB3CC550D4C0}.Release|Any CPU.Build.0 = Release|Any CPU
		{5EDA69F2-DE1B-419D-B58F-BB3CC550D4C0}.Release|x64.ActiveCfg = Release|Any CPU
		{5EDA69F2-DE1B-419D-B58F-BB3CC550D4C0}.Release|x64.Build.0 = Release|Any CPU
		{5EDA69F2-DE1B-419D-B58F-BB3CC550D4C0}.Release|x86.ActiveCfg = Release|Any CPU
		{5EDA69F2-DE1B-419D-B58F-BB3CC550D4C0}.Release|x86.Build.0 = Release|Any CPU
		{9544BC57-CC8A-4757-9C3B-026FF0BCFD10}.Debug|Any CPU.ActiveCfg = Debug|Any CPU
		{9544BC57-CC8A-4757-9C3B-026FF0BCFD10}.Debug|Any CPU.Build.0 = Debug|Any CPU
		{9544BC57-CC8A-4757-9C3B-026FF0BCFD10}.Debug|x64.ActiveCfg = Debug|Any CPU
		{9544BC57-CC8A-4757-9C3B-026FF0BCFD10}.Debug|x64.Build.0 = Debug|Any CPU
		{9544BC57-CC8A-4757-9C3B-026FF0BCFD10}.Debug|x86.ActiveCfg = Debug|Any CPU
		{9544BC57-CC8A-4757-9C3B-026FF0BCFD10}.Debug|x86.Build.0 = Debug|Any CPU
		{9544BC57-CC8A-4757-9C3B-026FF0BCFD10}.Release|Any CPU.ActiveCfg = Release|Any CPU
		{9544BC57-CC8A-4757-9C3B-026FF0BCFD10}.Release|Any CPU.Build.0 = Release|Any CPU
		{9544BC57-CC8A-4757-9C3B-026FF0BCFD10}.Release|x64.ActiveCfg = Release|Any CPU
		{9544BC57-CC8A-4757-9C3B-026FF0BCFD10}.Release|x64.Build.0 = Release|Any CPU
		{9544BC57-CC8A-4757-9C3B-026FF0BCFD10}.Release|x86.ActiveCfg = Release|Any CPU
		{9544BC57-CC8A-4757-9C3B-026FF0BCFD10}.Release|x86.Build.0 = Release|Any CPU
		{31F8A47D-A567-4577-885B-F2759E72B957}.Debug|Any CPU.ActiveCfg = Debug|Any CPU
		{31F8A47D-A567-4577-885B-F2759E72B957}.Debug|Any CPU.Build.0 = Debug|Any CPU
		{31F8A47D-A567-4577-885B-F2759E72B957}.Debug|x64.ActiveCfg = Debug|Any CPU
		{31F8A47D-A567-4577-885B-F2759E72B957}.Debug|x64.Build.0 = Debug|Any CPU
		{31F8A47D-A567-4577-885B-F2759E72B957}.Debug|x86.ActiveCfg = Debug|Any CPU
		{31F8A47D-A567-4577-885B-F2759E72B957}.Debug|x86.Build.0 = Debug|Any CPU
		{31F8A47D-A567-4577-885B-F2759E72B957}.Release|Any CPU.ActiveCfg = Release|Any CPU
		{31F8A47D-A567-4577-885B-F2759E72B957}.Release|Any CPU.Build.0 = Release|Any CPU
		{31F8A47D-A567-4577-885B-F2759E72B957}.Release|x64.ActiveCfg = Release|Any CPU
		{31F8A47D-A567-4577-885B-F2759E72B957}.Release|x64.Build.0 = Release|Any CPU
		{31F8A47D-A567-4577-885B-F2759E72B957}.Release|x86.ActiveCfg = Release|Any CPU
		{31F8A47D-A567-4577-885B-F2759E72B957}.Release|x86.Build.0 = Release|Any CPU
		{514E5D81-E9A2-4921-BC22-1E76E70F903F}.Debug|Any CPU.ActiveCfg = Debug|Any CPU
		{514E5D81-E9A2-4921-BC22-1E76E70F903F}.Debug|Any CPU.Build.0 = Debug|Any CPU
		{514E5D81-E9A2-4921-BC22-1E76E70F903F}.Debug|x64.ActiveCfg = Debug|Any CPU
		{514E5D81-E9A2-4921-BC22-1E76E70F903F}.Debug|x64.Build.0 = Debug|Any CPU
		{514E5D81-E9A2-4921-BC22-1E76E70F903F}.Debug|x86.ActiveCfg = Debug|Any CPU
		{514E5D81-E9A2-4921-BC22-1E76E70F903F}.Debug|x86.Build.0 = Debug|Any CPU
		{514E5D81-E9A2-4921-BC22-1E76E70F903F}.Release|Any CPU.ActiveCfg = Release|Any CPU
		{514E5D81-E9A2-4921-BC22-1E76E70F903F}.Release|Any CPU.Build.0 = Release|Any CPU
		{514E5D81-E9A2-4921-BC22-1E76E70F903F}.Release|x64.ActiveCfg = Release|Any CPU
		{514E5D81-E9A2-4921-BC22-1E76E70F903F}.Release|x64.Build.0 = Release|Any CPU
		{514E5D81-E9A2-4921-BC22-1E76E70F903F}.Release|x86.ActiveCfg = Release|Any CPU
		{514E5D81-E9A2-4921-BC22-1E76E70F903F}.Release|x86.Build.0 = Release|Any CPU
		{8ADC97C4-05F2-4455-87B8-75893BE80591}.Debug|Any CPU.ActiveCfg = Debug|Any CPU
		{8ADC97C4-05F2-4455-87B8-75893BE80591}.Debug|Any CPU.Build.0 = Debug|Any CPU
		{8ADC97C4-05F2-4455-87B8-75893BE80591}.Debug|x64.ActiveCfg = Debug|Any CPU
		{8ADC97C4-05F2-4455-87B8-75893BE80591}.Debug|x64.Build.0 = Debug|Any CPU
		{8ADC97C4-05F2-4455-87B8-75893BE80591}.Debug|x86.ActiveCfg = Debug|Any CPU
		{8ADC97C4-05F2-4455-87B8-75893BE80591}.Debug|x86.Build.0 = Debug|Any CPU
		{8ADC97C4-05F2-4455-87B8-75893BE80591}.Release|Any CPU.ActiveCfg = Release|Any CPU
		{8ADC97C4-05F2-4455-87B8-75893BE80591}.Release|Any CPU.Build.0 = Release|Any CPU
		{8ADC97C4-05F2-4455-87B8-75893BE80591}.Release|x64.ActiveCfg = Release|Any CPU
		{8ADC97C4-05F2-4455-87B8-75893BE80591}.Release|x64.Build.0 = Release|Any CPU
		{8ADC97C4-05F2-4455-87B8-75893BE80591}.Release|x86.ActiveCfg = Release|Any CPU
		{8ADC97C4-05F2-4455-87B8-75893BE80591}.Release|x86.Build.0 = Release|Any CPU
		{A08E4EA1-3C42-4AA3-9014-56EFD3736C04}.Debug|Any CPU.ActiveCfg = Debug|Any CPU
		{A08E4EA1-3C42-4AA3-9014-56EFD3736C04}.Debug|Any CPU.Build.0 = Debug|Any CPU
		{A08E4EA1-3C42-4AA3-9014-56EFD3736C04}.Debug|x64.ActiveCfg = Debug|Any CPU
		{A08E4EA1-3C42-4AA3-9014-56EFD3736C04}.Debug|x64.Build.0 = Debug|Any CPU
		{A08E4EA1-3C42-4AA3-9014-56EFD3736C04}.Debug|x86.ActiveCfg = Debug|Any CPU
		{A08E4EA1-3C42-4AA3-9014-56EFD3736C04}.Debug|x86.Build.0 = Debug|Any CPU
		{A08E4EA1-3C42-4AA3-9014-56EFD3736C04}.Release|Any CPU.ActiveCfg = Release|Any CPU
		{A08E4EA1-3C42-4AA3-9014-56EFD3736C04}.Release|Any CPU.Build.0 = Release|Any CPU
		{A08E4EA1-3C42-4AA3-9014-56EFD3736C04}.Release|x64.ActiveCfg = Release|Any CPU
		{A08E4EA1-3C42-4AA3-9014-56EFD3736C04}.Release|x64.Build.0 = Release|Any CPU
		{A08E4EA1-3C42-4AA3-9014-56EFD3736C04}.Release|x86.ActiveCfg = Release|Any CPU
		{A08E4EA1-3C42-4AA3-9014-56EFD3736C04}.Release|x86.Build.0 = Release|Any CPU
		{157ED0A0-02B4-4290-9D8E-E3388566153F}.Debug|Any CPU.ActiveCfg = Debug|Any CPU
		{157ED0A0-02B4-4290-9D8E-E3388566153F}.Debug|Any CPU.Build.0 = Debug|Any CPU
		{157ED0A0-02B4-4290-9D8E-E3388566153F}.Debug|x64.ActiveCfg = Debug|Any CPU
		{157ED0A0-02B4-4290-9D8E-E3388566153F}.Debug|x64.Build.0 = Debug|Any CPU
		{157ED0A0-02B4-4290-9D8E-E3388566153F}.Debug|x86.ActiveCfg = Debug|Any CPU
		{157ED0A0-02B4-4290-9D8E-E3388566153F}.Debug|x86.Build.0 = Debug|Any CPU
		{157ED0A0-02B4-4290-9D8E-E3388566153F}.Release|Any CPU.ActiveCfg = Release|Any CPU
		{157ED0A0-02B4-4290-9D8E-E3388566153F}.Release|Any CPU.Build.0 = Release|Any CPU
		{157ED0A0-02B4-4290-9D8E-E3388566153F}.Release|x64.ActiveCfg = Release|Any CPU
		{157ED0A0-02B4-4290-9D8E-E3388566153F}.Release|x64.Build.0 = Release|Any CPU
		{157ED0A0-02B4-4290-9D8E-E3388566153F}.Release|x86.ActiveCfg = Release|Any CPU
		{157ED0A0-02B4-4290-9D8E-E3388566153F}.Release|x86.Build.0 = Release|Any CPU
		{238A52C1-1B8A-43F9-9A97-83D88FC58EFB}.Debug|Any CPU.ActiveCfg = Debug|Any CPU
		{238A52C1-1B8A-43F9-9A97-83D88FC58EFB}.Debug|Any CPU.Build.0 = Debug|Any CPU
		{238A52C1-1B8A-43F9-9A97-83D88FC58EFB}.Debug|x64.ActiveCfg = Debug|Any CPU
		{238A52C1-1B8A-43F9-9A97-83D88FC58EFB}.Debug|x64.Build.0 = Debug|Any CPU
		{238A52C1-1B8A-43F9-9A97-83D88FC58EFB}.Debug|x86.ActiveCfg = Debug|Any CPU
		{238A52C1-1B8A-43F9-9A97-83D88FC58EFB}.Debug|x86.Build.0 = Debug|Any CPU
		{238A52C1-1B8A-43F9-9A97-83D88FC58EFB}.Release|Any CPU.ActiveCfg = Release|Any CPU
		{238A52C1-1B8A-43F9-9A97-83D88FC58EFB}.Release|Any CPU.Build.0 = Release|Any CPU
		{238A52C1-1B8A-43F9-9A97-83D88FC58EFB}.Release|x64.ActiveCfg = Release|Any CPU
		{238A52C1-1B8A-43F9-9A97-83D88FC58EFB}.Release|x64.Build.0 = Release|Any CPU
		{238A52C1-1B8A-43F9-9A97-83D88FC58EFB}.Release|x86.ActiveCfg = Release|Any CPU
		{238A52C1-1B8A-43F9-9A97-83D88FC58EFB}.Release|x86.Build.0 = Release|Any CPU
	EndGlobalSection
	GlobalSection(SolutionProperties) = preSolution
		HideSolutionNode = FALSE
	EndGlobalSection
	GlobalSection(NestedProjects) = preSolution
		{52D240D5-C115-4B41-8A7A-30D4F9F9CA6B} = {827E0CD3-B72D-47B6-A68D-7590B98EB39B}
		{7E0D2F37-D3C9-4585-B8DA-E57698671D42} = {827E0CD3-B72D-47B6-A68D-7590B98EB39B}
		{8F88D0FD-713A-465D-BCB4-43FBF47C8BB5} = {827E0CD3-B72D-47B6-A68D-7590B98EB39B}
		{2EA7E4E8-A73F-4241-A28A-A86B42C954A4} = {827E0CD3-B72D-47B6-A68D-7590B98EB39B}
		{0C510030-6FEA-4358-B9AE-6EE48CF648EF} = {827E0CD3-B72D-47B6-A68D-7590B98EB39B}
		{5EDA69F2-DE1B-419D-B58F-BB3CC550D4C0} = {827E0CD3-B72D-47B6-A68D-7590B98EB39B}
		{9544BC57-CC8A-4757-9C3B-026FF0BCFD10} = {827E0CD3-B72D-47B6-A68D-7590B98EB39B}
		{31F8A47D-A567-4577-885B-F2759E72B957} = {827E0CD3-B72D-47B6-A68D-7590B98EB39B}
		{514E5D81-E9A2-4921-BC22-1E76E70F903F} = {827E0CD3-B72D-47B6-A68D-7590B98EB39B}
		{E3A107CA-39D1-299E-587D-E3134142758B} = {827E0CD3-B72D-47B6-A68D-7590B98EB39B}
		{C8C49AF7-99D0-0C15-52C3-480A2113D16A} = {E3A107CA-39D1-299E-587D-E3134142758B}
		{44E87529-8407-DB44-4677-9EDF1CCF1AA8} = {C8C49AF7-99D0-0C15-52C3-480A2113D16A}
		{8ADC97C4-05F2-4455-87B8-75893BE80591} = {44E87529-8407-DB44-4677-9EDF1CCF1AA8}
		{22F26B29-1394-1E32-944F-EEFF1FC8DA0C} = {C8C49AF7-99D0-0C15-52C3-480A2113D16A}
		{A08E4EA1-3C42-4AA3-9014-56EFD3736C04} = {22F26B29-1394-1E32-944F-EEFF1FC8DA0C}
		{157ED0A0-02B4-4290-9D8E-E3388566153F} = {827E0CD3-B72D-47B6-A68D-7590B98EB39B}
		{238A52C1-1B8A-43F9-9A97-83D88FC58EFB} = {0AB3BF05-4346-4AA6-1389-037BE0695223}
	EndGlobalSection
EndGlobal
