Microsoft Visual Studio Solution File, Format Version 12.00
# Visual Studio Version 17
VisualStudioVersion = 17.0.31903.59
MinimumVisualStudioVersion = 10.0.40219.1
Project("{2150E333-8FDC-42A3-9474-1A3956D46DE8}") = "src", "src", "{827E0CD3-B72D-47B6-A68D-7590B98EB39B}"
EndProject
Project("{FAE04EC0-301F-11D3-BF4B-00C04F79EFBC}") = "Zentient.Endpoints", "src\Zentient.Endpoints\Zentient.Endpoints.csproj", "{0C510030-6FEA-4358-B9AE-6EE48CF648EF}"
EndProject
Project("{FAE04EC0-301F-11D3-BF4B-00C04F79EFBC}") = "Zentient.Endpoints.Tests", "tests\Zentient.Endpoints.Tests\Zentient.Endpoints.Tests.csproj", "{514E5D81-E9A2-4921-BC22-1E76E70F903F}"
EndProject
Project("{2150E333-8FDC-42A3-9474-1A3956D46DE8}") = "tests", "tests", "{0AB3BF05-4346-4AA6-1389-037BE0695223}"
EndProject
Project("{FAE04EC0-301F-11D3-BF4B-00C04F79EFBC}") = "Zentient.Endpoints.Tests.Common", "src\Zentient.Endpoints.Tests.Common\Zentient.Endpoints.Tests.Common.csproj", "{1C62EC8C-D331-60BE-D135-76A5FC593009}"
EndProject
Project("{FAE04EC0-301F-11D3-BF4B-00C04F79EFBC}") = "Zentient.Endpoints.Http", "src\Zentient.Endpoints.Http\Zentient.Endpoints.Http.csproj", "{E6D73B3E-6460-C43A-90E5-4B1DFEBDCB19}"
EndProject
Project("{FAE04EC0-301F-11D3-BF4B-00C04F79EFBC}") = "Zentient.Endpoints.Http.Tests", "tests\Zentient.Endpoints.Http.Tests\Zentient.Endpoints.Http.Tests.csproj", "{1D773C1D-3213-703A-06E1-429551582F72}"
EndProject
Global
	GlobalSection(SolutionConfigurationPlatforms) = preSolution
		Debug|Any CPU = Debug|Any CPU
		Debug|x64 = Debug|x64
		Debug|x86 = Debug|x86
		Release|Any CPU = Release|Any CPU
		Release|x64 = Release|x64
		Release|x86 = Release|x86
	EndGlobalSection
	GlobalSection(ProjectConfigurationPlatforms) = postSolution
		{0C510030-6FEA-4358-B9AE-6EE48CF648EF}.Debug|Any CPU.ActiveCfg = Debug|Any CPU
		{0C510030-6FEA-4358-B9AE-6EE48CF648EF}.Debug|Any CPU.Build.0 = Debug|Any CPU
		{0C510030-6FEA-4358-B9AE-6EE48CF648EF}.Debug|x64.ActiveCfg = Debug|Any CPU
		{0C510030-6FEA-4358-B9AE-6EE48CF648EF}.Debug|x64.Build.0 = Debug|Any CPU
		{0C510030-6FEA-4358-B9AE-6EE48CF648EF}.Debug|x86.ActiveCfg = Debug|Any CPU
		{0C510030-6FEA-4358-B9AE-6EE48CF648EF}.Debug|x86.Build.0 = Debug|Any CPU
		{0C510030-6FEA-4358-B9AE-6EE48CF648EF}.Release|Any CPU.ActiveCfg = Release|Any CPU
		{0C510030-6FEA-4358-B9AE-6EE48CF648EF}.Release|Any CPU.Build.0 = Release|Any CPU
		{0C510030-6FEA-4358-B9AE-6EE48CF648EF}.Release|x64.ActiveCfg = Release|Any CPU
		{0C510030-6FEA-4358-B9AE-6EE48CF648EF}.Release|x64.Build.0 = Release|Any CPU
		{0C510030-6FEA-4358-B9AE-6EE48CF648EF}.Release|x86.ActiveCfg = Release|Any CPU
		{0C510030-6FEA-4358-B9AE-6EE48CF648EF}.Release|x86.Build.0 = Release|Any CPU
		{514E5D81-E9A2-4921-BC22-1E76E70F903F}.Debug|Any CPU.ActiveCfg = Debug|Any CPU
		{514E5D81-E9A2-4921-BC22-1E76E70F903F}.Debug|Any CPU.Build.0 = Debug|Any CPU
		{514E5D81-E9A2-4921-BC22-1E76E70F903F}.Debug|x64.ActiveCfg = Debug|Any CPU
		{514E5D81-E9A2-4921-BC22-1E76E70F903F}.Debug|x64.Build.0 = Debug|Any CPU
		{514E5D81-E9A2-4921-BC22-1E76E70F903F}.Debug|x86.ActiveCfg = Debug|Any CPU
		{514E5D81-E9A2-4921-BC22-1E76E70F903F}.Debug|x86.Build.0 = Debug|Any CPU
		{514E5D81-E9A2-4921-BC22-1E76E70F903F}.Release|Any CPU.ActiveCfg = Release|Any CPU
		{514E5D81-E9A2-4921-BC22-1E76E70F903F}.Release|Any CPU.Build.0 = Release|Any CPU
		{514E5D81-E9A2-4921-BC22-1E76E70F903F}.Release|x64.ActiveCfg = Release|Any CPU
		{514E5D81-E9A2-4921-BC22-1E76E70F903F}.Release|x64.Build.0 = Release|Any CPU
		{514E5D81-E9A2-4921-BC22-1E76E70F903F}.Release|x86.ActiveCfg = Release|Any CPU
		{514E5D81-E9A2-4921-BC22-1E76E70F903F}.Release|x86.Build.0 = Release|Any CPU
		{1C62EC8C-D331-60BE-D135-76A5FC593009}.Debug|Any CPU.ActiveCfg = Debug|Any CPU
		{1C62EC8C-D331-60BE-D135-76A5FC593009}.Debug|Any CPU.Build.0 = Debug|Any CPU
		{1C62EC8C-D331-60BE-D135-76A5FC593009}.Debug|x64.ActiveCfg = Debug|Any CPU
		{1C62EC8C-D331-60BE-D135-76A5FC593009}.Debug|x64.Build.0 = Debug|Any CPU
		{1C62EC8C-D331-60BE-D135-76A5FC593009}.Debug|x86.ActiveCfg = Debug|Any CPU
		{1C62EC8C-D331-60BE-D135-76A5FC593009}.Debug|x86.Build.0 = Debug|Any CPU
		{1C62EC8C-D331-60BE-D135-76A5FC593009}.Release|Any CPU.ActiveCfg = Release|Any CPU
		{1C62EC8C-D331-60BE-D135-76A5FC593009}.Release|Any CPU.Build.0 = Release|Any CPU
		{1C62EC8C-D331-60BE-D135-76A5FC593009}.Release|x64.ActiveCfg = Release|Any CPU
		{1C62EC8C-D331-60BE-D135-76A5FC593009}.Release|x64.Build.0 = Release|Any CPU
		{1C62EC8C-D331-60BE-D135-76A5FC593009}.Release|x86.ActiveCfg = Release|Any CPU
		{1C62EC8C-D331-60BE-D135-76A5FC593009}.Release|x86.Build.0 = Release|Any CPU
		{E6D73B3E-6460-C43A-90E5-4B1DFEBDCB19}.Debug|Any CPU.ActiveCfg = Debug|Any CPU
		{E6D73B3E-6460-C43A-90E5-4B1DFEBDCB19}.Debug|Any CPU.Build.0 = Debug|Any CPU
		{E6D73B3E-6460-C43A-90E5-4B1DFEBDCB19}.Debug|x64.ActiveCfg = Debug|Any CPU
		{E6D73B3E-6460-C43A-90E5-4B1DFEBDCB19}.Debug|x64.Build.0 = Debug|Any CPU
		{E6D73B3E-6460-C43A-90E5-4B1DFEBDCB19}.Debug|x86.ActiveCfg = Debug|Any CPU
		{E6D73B3E-6460-C43A-90E5-4B1DFEBDCB19}.Debug|x86.Build.0 = Debug|Any CPU
		{E6D73B3E-6460-C43A-90E5-4B1DFEBDCB19}.Release|Any CPU.ActiveCfg = Release|Any CPU
		{E6D73B3E-6460-C43A-90E5-4B1DFEBDCB19}.Release|Any CPU.Build.0 = Release|Any CPU
		{E6D73B3E-6460-C43A-90E5-4B1DFEBDCB19}.Release|x64.ActiveCfg = Release|Any CPU
		{E6D73B3E-6460-C43A-90E5-4B1DFEBDCB19}.Release|x64.Build.0 = Release|Any CPU
		{E6D73B3E-6460-C43A-90E5-4B1DFEBDCB19}.Release|x86.ActiveCfg = Release|Any CPU
		{E6D73B3E-6460-C43A-90E5-4B1DFEBDCB19}.Release|x86.Build.0 = Release|Any CPU
		{1D773C1D-3213-703A-06E1-429551582F72}.Debug|Any CPU.ActiveCfg = Debug|Any CPU
		{1D773C1D-3213-703A-06E1-429551582F72}.Debug|Any CPU.Build.0 = Debug|Any CPU
		{1D773C1D-3213-703A-06E1-429551582F72}.Debug|x64.ActiveCfg = Debug|Any CPU
		{1D773C1D-3213-703A-06E1-429551582F72}.Debug|x64.Build.0 = Debug|Any CPU
		{1D773C1D-3213-703A-06E1-429551582F72}.Debug|x86.ActiveCfg = Debug|Any CPU
		{1D773C1D-3213-703A-06E1-429551582F72}.Debug|x86.Build.0 = Debug|Any CPU
		{1D773C1D-3213-703A-06E1-429551582F72}.Release|Any CPU.ActiveCfg = Release|Any CPU
		{1D773C1D-3213-703A-06E1-429551582F72}.Release|Any CPU.Build.0 = Release|Any CPU
		{1D773C1D-3213-703A-06E1-429551582F72}.Release|x64.ActiveCfg = Release|Any CPU
		{1D773C1D-3213-703A-06E1-429551582F72}.Release|x64.Build.0 = Release|Any CPU
		{1D773C1D-3213-703A-06E1-429551582F72}.Release|x86.ActiveCfg = Release|Any CPU
		{1D773C1D-3213-703A-06E1-429551582F72}.Release|x86.Build.0 = Release|Any CPU
	EndGlobalSection
	GlobalSection(SolutionProperties) = preSolution
		HideSolutionNode = FALSE
	EndGlobalSection
	GlobalSection(NestedProjects) = preSolution
		{0C510030-6FEA-4358-B9AE-6EE48CF648EF} = {827E0CD3-B72D-47B6-A68D-7590B98EB39B}
		{514E5D81-E9A2-4921-BC22-1E76E70F903F} = {0AB3BF05-4346-4AA6-1389-037BE0695223}
		{1C62EC8C-D331-60BE-D135-76A5FC593009} = {827E0CD3-B72D-47B6-A68D-7590B98EB39B}
		{E6D73B3E-6460-C43A-90E5-4B1DFEBDCB19} = {827E0CD3-B72D-47B6-A68D-7590B98EB39B}
		{1D773C1D-3213-703A-06E1-429551582F72} = {0AB3BF05-4346-4AA6-1389-037BE0695223}
	EndGlobalSection
	GlobalSection(ExtensibilityGlobals) = postSolution
		SolutionGuid = {F04A1460-F873-490E-B208-F2BCC51C0A8C}
	EndGlobalSection
EndGlobal
